
Microsoft Visual Studio Solution File, Format Version 12.00
# Visual Studio Version 17
VisualStudioVersion = 17.3.32929.385
MinimumVisualStudioVersion = 10.0.40219.1
Project("{FAE04EC0-301F-11D3-BF4B-00C04F79EFBC}") = "LabWork4", "LabWork4\LabWork4.csproj", "{33908EEB-DAFC-4ADC-99FB-939642A68FA7}"
EndProject
Global
	GlobalSection(SolutionConfigurationPlatforms) = preSolution
		Debug|Any CPU = Debug|Any CPU
		Release|Any CPU = Release|Any CPU
	EndGlobalSection
	GlobalSection(ProjectConfigurationPlatforms) = postSolution
		{33908EEB-DAFC-4ADC-99FB-939642A68FA7}.Debug|Any CPU.ActiveCfg = Debug|Any CPU
		{33908EEB-DAFC-4ADC-99FB-939642A68FA7}.Debug|Any CPU.Build.0 = Debug|Any CPU
		{33908EEB-DAFC-4ADC-99FB-939642A68FA7}.Release|Any CPU.ActiveCfg = Release|Any CPU
		{33908EEB-DAFC-4ADC-99FB-939642A68FA7}.Release|Any CPU.Build.0 = Release|Any CPU
	EndGlobalSection
	GlobalSection(SolutionProperties) = preSolution
		HideSolutionNode = FALSE
	EndGlobalSection
	GlobalSection(ExtensibilityGlobals) = postSolution
		SolutionGuid = {61160D00-6510-4C2C-B11B-AE398A687E08}
	EndGlobalSection
EndGlobal
